// !$*UTF8*$!
{
	archiveVersion = 1;
	classes = {
	};
	objectVersion = 46;
	objects = {

/* Begin PBXBuildFile section */
		342027161D321C62008B3002 /* FirstViewController.swift in Sources */ = {isa = PBXBuildFile; fileRef = 342027141D321C62008B3002 /* FirstViewController.swift */; };
		342027171D321C62008B3002 /* FirstViewController.xib in Resources */ = {isa = PBXBuildFile; fileRef = 342027151D321C62008B3002 /* FirstViewController.xib */; };
		3486C5D81D31F25800B5A6BA /* AppDelegate.swift in Sources */ = {isa = PBXBuildFile; fileRef = 3486C5D71D31F25800B5A6BA /* AppDelegate.swift */; };
		3486C5DF1D31F25800B5A6BA /* Assets.xcassets in Resources */ = {isa = PBXBuildFile; fileRef = 3486C5DE1D31F25800B5A6BA /* Assets.xcassets */; };
		3486C5EA1D31F40D00B5A6BA /* LaunchScreen.storyboard in Resources */ = {isa = PBXBuildFile; fileRef = 3486C5E91D31F40D00B5A6BA /* LaunchScreen.storyboard */; };
		34DBB15B1D3216EA0005B358 /* MyViewController.swift in Sources */ = {isa = PBXBuildFile; fileRef = 34DBB1591D3216EA0005B358 /* MyViewController.swift */; };
		34DBB15C1D3216EA0005B358 /* MyViewController.xib in Resources */ = {isa = PBXBuildFile; fileRef = 34DBB15A1D3216EA0005B358 /* MyViewController.xib */; };
/* End PBXBuildFile section */

/* Begin PBXFileReference section */
		342027141D321C62008B3002 /* FirstViewController.swift */ = {isa = PBXFileReference; fileEncoding = 4; lastKnownFileType = sourcecode.swift; path = FirstViewController.swift; sourceTree = "<group>"; };
		342027151D321C62008B3002 /* FirstViewController.xib */ = {isa = PBXFileReference; fileEncoding = 4; lastKnownFileType = file.xib; path = FirstViewController.xib; sourceTree = "<group>"; };
		3486C5D41D31F25800B5A6BA /* FoodTracker.app */ = {isa = PBXFileReference; explicitFileType = wrapper.application; includeInIndex = 0; path = FoodTracker.app; sourceTree = BUILT_PRODUCTS_DIR; };
		3486C5D71D31F25800B5A6BA /* AppDelegate.swift */ = {isa = PBXFileReference; lastKnownFileType = sourcecode.swift; path = AppDelegate.swift; sourceTree = "<group>"; };
		3486C5DE1D31F25800B5A6BA /* Assets.xcassets */ = {isa = PBXFileReference; lastKnownFileType = folder.assetcatalog; path = Assets.xcassets; sourceTree = "<group>"; };
		3486C5E31D31F25800B5A6BA /* Info.plist */ = {isa = PBXFileReference; lastKnownFileType = text.plist.xml; path = Info.plist; sourceTree = "<group>"; };
		3486C5E91D31F40D00B5A6BA /* LaunchScreen.storyboard */ = {isa = PBXFileReference; fileEncoding = 4; lastKnownFileType = file.storyboard; path = LaunchScreen.storyboard; sourceTree = "<group>"; };
		34DBB1591D3216EA0005B358 /* MyViewController.swift */ = {isa = PBXFileReference; fileEncoding = 4; lastKnownFileType = sourcecode.swift; path = MyViewController.swift; sourceTree = "<group>"; };
		34DBB15A1D3216EA0005B358 /* MyViewController.xib */ = {isa = PBXFileReference; fileEncoding = 4; lastKnownFileType = file.xib; path = MyViewController.xib; sourceTree = "<group>"; };
/* End PBXFileReference section */

/* Begin PBXFrameworksBuildPhase section */
		3486C5D11D31F25800B5A6BA /* Frameworks */ = {
			isa = PBXFrameworksBuildPhase;
			buildActionMask = 2147483647;
			files = (
			);
			runOnlyForDeploymentPostprocessing = 0;
		};
/* End PBXFrameworksBuildPhase section */

/* Begin PBXGroup section */
		3486C5CB1D31F25800B5A6BA = {
			isa = PBXGroup;
			children = (
				3486C5D61D31F25800B5A6BA /* FoodTracker */,
				3486C5D51D31F25800B5A6BA /* Products */,
			);
			sourceTree = "<group>";
		};
		3486C5D51D31F25800B5A6BA /* Products */ = {
			isa = PBXGroup;
			children = (
				3486C5D41D31F25800B5A6BA /* FoodTracker.app */,
			);
			name = Products;
			sourceTree = "<group>";
		};
		3486C5D61D31F25800B5A6BA /* FoodTracker */ = {
			isa = PBXGroup;
			children = (
				3486C5D71D31F25800B5A6BA /* AppDelegate.swift */,
				3486C5DE1D31F25800B5A6BA /* Assets.xcassets */,
				3486C5E31D31F25800B5A6BA /* Info.plist */,
				3486C5E91D31F40D00B5A6BA /* LaunchScreen.storyboard */,
				34DBB1591D3216EA0005B358 /* MyViewController.swift */,
				34DBB15A1D3216EA0005B358 /* MyViewController.xib */,
				342027141D321C62008B3002 /* FirstViewController.swift */,
				342027151D321C62008B3002 /* FirstViewController.xib */,
			);
			path = FoodTracker;
			sourceTree = "<group>";
		};
/* End PBXGroup section */

/* Begin PBXNativeTarget section */
		3486C5D31D31F25800B5A6BA /* FoodTracker */ = {
			isa = PBXNativeTarget;
			buildConfigurationList = 3486C5E61D31F25800B5A6BA /* Build configuration list for PBXNativeTarget "FoodTracker" */;
			buildPhases = (
				3486C5D01D31F25800B5A6BA /* Sources */,
				3486C5D11D31F25800B5A6BA /* Frameworks */,
				3486C5D21D31F25800B5A6BA /* Resources */,
			);
			buildRules = (
			);
			dependencies = (
			);
			name = FoodTracker;
			productName = FoodTracker;
			productReference = 3486C5D41D31F25800B5A6BA /* FoodTracker.app */;
			productType = "com.apple.product-type.application";
		};
/* End PBXNativeTarget section */

/* Begin PBXProject section */
		3486C5CC1D31F25800B5A6BA /* Project object */ = {
			isa = PBXProject;
			attributes = {
				LastSwiftUpdateCheck = 0730;
				LastUpgradeCheck = 0730;
				ORGANIZATIONNAME = idup;
				TargetAttributes = {
					3486C5D31D31F25800B5A6BA = {
						CreatedOnToolsVersion = 7.3.1;
					};
				};
			};
			buildConfigurationList = 3486C5CF1D31F25800B5A6BA /* Build configuration list for PBXProject "FoodTracker" */;
			compatibilityVersion = "Xcode 3.2";
			developmentRegion = English;
			hasScannedForEncodings = 0;
			knownRegions = (
				en,
				Base,
			);
			mainGroup = 3486C5CB1D31F25800B5A6BA;
			productRefGroup = 3486C5D51D31F25800B5A6BA /* Products */;
			projectDirPath = "";
			projectRoot = "";
			targets = (
				3486C5D31D31F25800B5A6BA /* FoodTracker */,
			);
		};
/* End PBXProject section */

/* Begin PBXResourcesBuildPhase section */
		3486C5D21D31F25800B5A6BA /* Resources */ = {
			isa = PBXResourcesBuildPhase;
			buildActionMask = 2147483647;
			files = (
				3486C5EA1D31F40D00B5A6BA /* LaunchScreen.storyboard in Resources */,
				3486C5DF1D31F25800B5A6BA /* Assets.xcassets in Resources */,
				34DBB15C1D3216EA0005B358 /* MyViewController.xib in Resources */,
				342027171D321C62008B3002 /* FirstViewController.xib in Resources */,
			);
			runOnlyForDeploymentPostprocessing = 0;
		};
/* End PBXResourcesBuildPhase section */

/* Begin PBXSourcesBuildPhase section */
		3486C5D01D31F25800B5A6BA /* Sources */ = {
			isa = PBXSourcesBuildPhase;
			buildActionMask = 2147483647;
			files = (
				342027161D321C62008B3002 /* FirstViewController.swift in Sources */,
				34DBB15B1D3216EA0005B358 /* MyViewController.swift in Sources */,
				3486C5D81D31F25800B5A6BA /* AppDelegate.swift in Sources */,
			);
			runOnlyForDeploymentPostprocessing = 0;
		};
/* End PBXSourcesBuildPhase section */

/* Begin XCBuildConfiguration section */
		3486C5E41D31F25800B5A6BA /* Debug */ = {
			isa = XCBuildConfiguration;
			buildSettings = {
				ALWAYS_SEARCH_USER_PATHS = NO;
				CLANG_ANALYZER_NONNULL = YES;
				CLANG_CXX_LANGUAGE_STANDARD = "gnu++0x";
				CLANG_CXX_LIBRARY = "libc++";
				CLANG_ENABLE_MODULES = YES;
				CLANG_ENABLE_OBJC_ARC = YES;
				CLANG_WARN_BOOL_CONVERSION = YES;
				CLANG_WARN_CONSTANT_CONVERSION = YES;
				CLANG_WARN_DIRECT_OBJC_ISA_USAGE = YES_ERROR;
				CLANG_WARN_EMPTY_BODY = YES;
				CLANG_WARN_ENUM_CONVERSION = YES;
				CLANG_WARN_INT_CONVERSION = YES;
				CLANG_WARN_OBJC_ROOT_CLASS = YES_ERROR;
				CLANG_WARN_UNREACHABLE_CODE = YES;
				CLANG_WARN__DUPLICATE_METHOD_MATCH = YES;
				"CODE_SIGN_IDENTITY[sdk=iphoneos*]" = "iPhone Developer";
				COPY_PHASE_STRIP = NO;
				DEBUG_INFORMATION_FORMAT = dwarf;
				ENABLE_STRICT_OBJC_MSGSEND = YES;
				ENABLE_TESTABILITY = YES;
				GCC_C_LANGUAGE_STANDARD = gnu99;
				GCC_DYNAMIC_NO_PIC = NO;
				GCC_NO_COMMON_BLOCKS = YES;
				GCC_OPTIMIZATION_LEVEL = 0;
				GCC_PREPROCESSOR_DEFINITIONS = (
					"DEBUG=1",
					"$(inherited)",
				);
				GCC_WARN_64_TO_32_BIT_CONVERSION = YES;
				GCC_WARN_ABOUT_RETURN_TYPE = YES_ERROR;
				GCC_WARN_UNDECLARED_SELECTOR = YES;
				GCC_WARN_UNINITIALIZED_AUTOS = YES_AGGRESSIVE;
				GCC_WARN_UNUSED_FUNCTION = YES;
				GCC_WARN_UNUSED_VARIABLE = YES;
				IPHONEOS_DEPLOYMENT_TARGET = 9.3;
				MTL_ENABLE_DEBUG_INFO = YES;
				ONLY_ACTIVE_ARCH = YES;
				SDKROOT = iphoneos;
				SWIFT_OPTIMIZATION_LEVEL = "-Onone";
				TARGETED_DEVICE_FAMILY = "1,2";
			};
			name = Debug;
		};
		3486C5E51D31F25800B5A6BA /* Release */ = {
			isa = XCBuildConfiguration;
			buildSettings = {
				ALWAYS_SEARCH_USER_PATHS = NO;
				CLANG_ANALYZER_NONNULL = YES;
				CLANG_CXX_LANGUAGE_STANDARD = "gnu++0x";
				CLANG_CXX_LIBRARY = "libc++";
				CLANG_ENABLE_MODULES = YES;
				CLANG_ENABLE_OBJC_ARC = YES;
				CLANG_WARN_BOOL_CONVERSION = YES;
				CLANG_WARN_CONSTANT_CONVERSION = YES;
				CLANG_WARN_DIRECT_OBJC_ISA_USAGE = YES_ERROR;
				CLANG_WARN_EMPTY_BODY = YES;
				CLANG_WARN_ENUM_CONVERSION = YES;
				CLANG_WARN_INT_CONVERSION = YES;
				CLANG_WARN_OBJC_ROOT_CLASS = YES_ERROR;
				CLANG_WARN_UNREACHABLE_CODE = YES;
				CLANG_WARN__DUPLICATE_METHOD_MATCH = YES;
				"CODE_SIGN_IDENTITY[sdk=iphoneos*]" = "iPhone Developer";
				COPY_PHASE_STRIP = NO;
				DEBUG_INFORMATION_FORMAT = "dwarf-with-dsym";
				ENABLE_NS_ASSERTIONS = NO;
				ENABLE_STRICT_OBJC_MSGSEND = YES;
				GCC_C_LANGUAGE_STANDARD = gnu99;
				GCC_NO_COMMON_BLOCKS = YES;
				GCC_WARN_64_TO_32_BIT_CONVERSION = YES;
				GCC_WARN_ABOUT_RETURN_TYPE = YES_ERROR;
				GCC_WARN_UNDECLARED_SELECTOR = YES;
				GCC_WARN_UNINITIALIZED_AUTOS = YES_AGGRESSIVE;
				GCC_WARN_UNUSED_FUNCTION = YES;
				GCC_WARN_UNUSED_VARIABLE = YES;
				IPHONEOS_DEPLOYMENT_TARGET = 9.3;
				MTL_ENABLE_DEBUG_INFO = NO;
				SDKROOT = iphoneos;
				TARGETED_DEVICE_FAMILY = "1,2";
				VALIDATE_PRODUCT = YES;
			};
			name = Release;
		};
		3486C5E71D31F25800B5A6BA /* Debug */ = {
			isa = XCBuildConfiguration;
			buildSettings = {
				ASSETCATALOG_COMPILER_APPICON_NAME = AppIcon;
				INFOPLIST_FILE = FoodTracker/Info.plist;
				LD_RUNPATH_SEARCH_PATHS = "$(inherited) @executable_path/Frameworks";
				PRODUCT_BUNDLE_IDENTIFIER = club.idup.FoodTracker;
				PRODUCT_NAME = "$(TARGET_NAME)";
			};
			name = Debug;
		};
		3486C5E81D31F25800B5A6BA /* Release */ = {
			isa = XCBuildConfiguration;
			buildSettings = {
				ASSETCATALOG_COMPILER_APPICON_NAME = AppIcon;
				INFOPLIST_FILE = FoodTracker/Info.plist;
				LD_RUNPATH_SEARCH_PATHS = "$(inherited) @executable_path/Frameworks";
				PRODUCT_BUNDLE_IDENTIFIER = club.idup.FoodTracker;
				PRODUCT_NAME = "$(TARGET_NAME)";
			};
			name = Release;
		};
/* End XCBuildConfiguration section */

/* Begin XCConfigurationList section */
		3486C5CF1D31F25800B5A6BA /* Build configuration list for PBXProject "FoodTracker" */ = {
			isa = XCConfigurationList;
			buildConfigurations = (
				3486C5E41D31F25800B5A6BA /* Debug */,
				3486C5E51D31F25800B5A6BA /* Release */,
			);
			defaultConfigurationIsVisible = 0;
			defaultConfigurationName = Release;
		};
		3486C5E61D31F25800B5A6BA /* Build configuration list for PBXNativeTarget "FoodTracker" */ = {
			isa = XCConfigurationList;
			buildConfigurations = (
				3486C5E71D31F25800B5A6BA /* Debug */,
				3486C5E81D31F25800B5A6BA /* Release */,
			);
			defaultConfigurationIsVisible = 0;
			defaultConfigurationName = Release;
		};
/* End XCConfigurationList section */
	};
	rootObject = 3486C5CC1D31F25800B5A6BA /* Project object */;
}
